// !$*UTF8*$!
{
	archiveVersion = 1;
	classes = {
	};
	objectVersion = 56;
	objects = {

/* Begin PBXBuildFile section */
		2E8E893B2CCAB82F00068191 /* MealReposirotyImpl.swift in Sources */ = {isa = PBXBuildFile; fileRef = 2E8E893A2CCAB82F00068191 /* MealReposirotyImpl.swift */; };
		2E8E893D2CCAE19A00068191 /* CategoryRepositoryImpl.swift in Sources */ = {isa = PBXBuildFile; fileRef = 2E8E893C2CCAE19A00068191 /* CategoryRepositoryImpl.swift */; };
		2E95F8D12CA313C400828372 /* SDWebImageSwiftUI in Frameworks */ = {isa = PBXBuildFile; productRef = 2E95F8D02CA313C400828372 /* SDWebImageSwiftUI */; };
		2E9C966A2C9E3484008CAEE6 /* NetworkManager.swift in Sources */ = {isa = PBXBuildFile; fileRef = 2E9C96692C9E3484008CAEE6 /* NetworkManager.swift */; };
		2E9C966C2C9E45E7008CAEE6 /* MenuVM.swift in Sources */ = {isa = PBXBuildFile; fileRef = 2E9C966B2C9E45E7008CAEE6 /* MenuVM.swift */; };
		2EB661592CAB5E6800C01D5E /* MealDetailView.swift in Sources */ = {isa = PBXBuildFile; fileRef = 2EB661582CAB5E6800C01D5E /* MealDetailView.swift */; };
		2EBF9E4F2CC98C6100FCCFB2 /* TastyFoodDataModel.xcdatamodeld in Sources */ = {isa = PBXBuildFile; fileRef = 2EBF9E4D2CC98C6100FCCFB2 /* TastyFoodDataModel.xcdatamodeld */; };
		2EBF9E512CC9E3C500FCCFB2 /* CoreDataStack.swift in Sources */ = {isa = PBXBuildFile; fileRef = 2EBF9E502CC9E3C500FCCFB2 /* CoreDataStack.swift */; };
		2EBF9E552CC9E91500FCCFB2 /* MealRepository.swift in Sources */ = {isa = PBXBuildFile; fileRef = 2EBF9E542CC9E91500FCCFB2 /* MealRepository.swift */; };
		2EBF9E572CC9EA9300FCCFB2 /* CategoryRepository.swift in Sources */ = {isa = PBXBuildFile; fileRef = 2EBF9E562CC9EA9300FCCFB2 /* CategoryRepository.swift */; };
		2EBF9E592CC9EB2B00FCCFB2 /* Category.swift in Sources */ = {isa = PBXBuildFile; fileRef = 2EBF9E582CC9EB2B00FCCFB2 /* Category.swift */; };
		2EC599C02C9B7CB1001422AA /* TastyFoodApp.swift in Sources */ = {isa = PBXBuildFile; fileRef = 2EC599BF2C9B7CB1001422AA /* TastyFoodApp.swift */; };
		2EC599C22C9B7CB1001422AA /* ContentView.swift in Sources */ = {isa = PBXBuildFile; fileRef = 2EC599C12C9B7CB1001422AA /* ContentView.swift */; };
		2EC599C42C9B7CB3001422AA /* Assets.xcassets in Resources */ = {isa = PBXBuildFile; fileRef = 2EC599C32C9B7CB3001422AA /* Assets.xcassets */; };
		2EC599C72C9B7CB3001422AA /* Preview Assets.xcassets in Resources */ = {isa = PBXBuildFile; fileRef = 2EC599C62C9B7CB3001422AA /* Preview Assets.xcassets */; };
		2EC599CE2C9B8C97001422AA /* Meal.swift in Sources */ = {isa = PBXBuildFile; fileRef = 2EC599CD2C9B8C97001422AA /* Meal.swift */; };
		2EC599D02C9B8F8A001422AA /* Meals.swift in Sources */ = {isa = PBXBuildFile; fileRef = 2EC599CF2C9B8F8A001422AA /* Meals.swift */; };
		2EC599D52C9B96DC001422AA /* MealItemView.swift in Sources */ = {isa = PBXBuildFile; fileRef = 2EC599D42C9B96DC001422AA /* MealItemView.swift */; };
/* End PBXBuildFile section */

/* Begin PBXFileReference section */
		2E8E893A2CCAB82F00068191 /* MealReposirotyImpl.swift */ = {isa = PBXFileReference; lastKnownFileType = sourcecode.swift; path = MealReposirotyImpl.swift; sourceTree = "<group>"; };
		2E8E893C2CCAE19A00068191 /* CategoryRepositoryImpl.swift */ = {isa = PBXFileReference; lastKnownFileType = sourcecode.swift; path = CategoryRepositoryImpl.swift; sourceTree = "<group>"; };
		2E9C96692C9E3484008CAEE6 /* NetworkManager.swift */ = {isa = PBXFileReference; lastKnownFileType = sourcecode.swift; path = NetworkManager.swift; sourceTree = "<group>"; };
		2E9C966B2C9E45E7008CAEE6 /* MenuVM.swift */ = {isa = PBXFileReference; lastKnownFileType = sourcecode.swift; path = MenuVM.swift; sourceTree = "<group>"; };
		2EB661582CAB5E6800C01D5E /* MealDetailView.swift */ = {isa = PBXFileReference; lastKnownFileType = sourcecode.swift; path = MealDetailView.swift; sourceTree = "<group>"; };
		2EBF9E4E2CC98C6100FCCFB2 /* TastyFoodDataModel.xcdatamodel */ = {isa = PBXFileReference; lastKnownFileType = wrapper.xcdatamodel; path = TastyFoodDataModel.xcdatamodel; sourceTree = "<group>"; };
		2EBF9E502CC9E3C500FCCFB2 /* CoreDataStack.swift */ = {isa = PBXFileReference; lastKnownFileType = sourcecode.swift; path = CoreDataStack.swift; sourceTree = "<group>"; };
		2EBF9E542CC9E91500FCCFB2 /* MealRepository.swift */ = {isa = PBXFileReference; lastKnownFileType = sourcecode.swift; path = MealRepository.swift; sourceTree = "<group>"; };
		2EBF9E562CC9EA9300FCCFB2 /* CategoryRepository.swift */ = {isa = PBXFileReference; lastKnownFileType = sourcecode.swift; path = CategoryRepository.swift; sourceTree = "<group>"; };
		2EBF9E582CC9EB2B00FCCFB2 /* Category.swift */ = {isa = PBXFileReference; lastKnownFileType = sourcecode.swift; path = Category.swift; sourceTree = "<group>"; };
		2EC599BC2C9B7CB1001422AA /* TastyFood.app */ = {isa = PBXFileReference; explicitFileType = wrapper.application; includeInIndex = 0; path = TastyFood.app; sourceTree = BUILT_PRODUCTS_DIR; };
		2EC599BF2C9B7CB1001422AA /* TastyFoodApp.swift */ = {isa = PBXFileReference; lastKnownFileType = sourcecode.swift; path = TastyFoodApp.swift; sourceTree = "<group>"; };
		2EC599C12C9B7CB1001422AA /* ContentView.swift */ = {isa = PBXFileReference; lastKnownFileType = sourcecode.swift; path = ContentView.swift; sourceTree = "<group>"; };
		2EC599C32C9B7CB3001422AA /* Assets.xcassets */ = {isa = PBXFileReference; lastKnownFileType = folder.assetcatalog; path = Assets.xcassets; sourceTree = "<group>"; };
		2EC599C62C9B7CB3001422AA /* Preview Assets.xcassets */ = {isa = PBXFileReference; lastKnownFileType = folder.assetcatalog; path = "Preview Assets.xcassets"; sourceTree = "<group>"; };
		2EC599CD2C9B8C97001422AA /* Meal.swift */ = {isa = PBXFileReference; lastKnownFileType = sourcecode.swift; path = Meal.swift; sourceTree = "<group>"; };
		2EC599CF2C9B8F8A001422AA /* Meals.swift */ = {isa = PBXFileReference; lastKnownFileType = sourcecode.swift; path = Meals.swift; sourceTree = "<group>"; };
		2EC599D42C9B96DC001422AA /* MealItemView.swift */ = {isa = PBXFileReference; lastKnownFileType = sourcecode.swift; path = MealItemView.swift; sourceTree = "<group>"; };
/* End PBXFileReference section */

/* Begin PBXFrameworksBuildPhase section */
		2EC599B92C9B7CB1001422AA /* Frameworks */ = {
			isa = PBXFrameworksBuildPhase;
			buildActionMask = 2147483647;
			files = (
				2E95F8D12CA313C400828372 /* SDWebImageSwiftUI in Frameworks */,
			);
			runOnlyForDeploymentPostprocessing = 0;
		};
/* End PBXFrameworksBuildPhase section */

/* Begin PBXGroup section */
		2EBF9E522CC9E8C600FCCFB2 /* repositories */ = {
			isa = PBXGroup;
			children = (
				2E8E893A2CCAB82F00068191 /* MealReposirotyImpl.swift */,
				2E8E893C2CCAE19A00068191 /* CategoryRepositoryImpl.swift */,
			);
			path = repositories;
			sourceTree = "<group>";
		};
		2EBF9E532CC9E8F800FCCFB2 /* protocol */ = {
			isa = PBXGroup;
			children = (
				2EBF9E542CC9E91500FCCFB2 /* MealRepository.swift */,
				2EBF9E562CC9EA9300FCCFB2 /* CategoryRepository.swift */,
			);
			path = protocol;
			sourceTree = "<group>";
		};
		2EC599B32C9B7CB1001422AA = {
			isa = PBXGroup;
			children = (
				2EC599BE2C9B7CB1001422AA /* TastyFood */,
				2EC599BD2C9B7CB1001422AA /* Products */,
			);
			sourceTree = "<group>";
		};
		2EC599BD2C9B7CB1001422AA /* Products */ = {
			isa = PBXGroup;
			children = (
				2EC599BC2C9B7CB1001422AA /* TastyFood.app */,
			);
			name = Products;
			sourceTree = "<group>";
		};
		2EC599BE2C9B7CB1001422AA /* TastyFood */ = {
			isa = PBXGroup;
			children = (
				2EBF9E502CC9E3C500FCCFB2 /* CoreDataStack.swift */,
				2EBF9E532CC9E8F800FCCFB2 /* protocol */,
				2EBF9E522CC9E8C600FCCFB2 /* repositories */,
				2E9C966B2C9E45E7008CAEE6 /* MenuVM.swift */,
				2EBF9E4D2CC98C6100FCCFB2 /* TastyFoodDataModel.xcdatamodeld */,
				2E9C96692C9E3484008CAEE6 /* NetworkManager.swift */,
				2EC599D32C9B95EB001422AA /* views */,
				2EC599D22C9B90B6001422AA /* model */,
				2EC599C32C9B7CB3001422AA /* Assets.xcassets */,
				2EC599C52C9B7CB3001422AA /* Preview Content */,
			);
			path = TastyFood;
			sourceTree = "<group>";
		};
		2EC599C52C9B7CB3001422AA /* Preview Content */ = {
			isa = PBXGroup;
			children = (
				2EC599C62C9B7CB3001422AA /* Preview Assets.xcassets */,
			);
			path = "Preview Content";
			sourceTree = "<group>";
		};
		2EC599D22C9B90B6001422AA /* model */ = {
			isa = PBXGroup;
			children = (
				2EC599CD2C9B8C97001422AA /* Meal.swift */,
				2EC599CF2C9B8F8A001422AA /* Meals.swift */,
				2EBF9E582CC9EB2B00FCCFB2 /* Category.swift */,
			);
			path = model;
			sourceTree = "<group>";
		};
		2EC599D32C9B95EB001422AA /* views */ = {
			isa = PBXGroup;
			children = (
				2EC599BF2C9B7CB1001422AA /* TastyFoodApp.swift */,
				2EC599C12C9B7CB1001422AA /* ContentView.swift */,
				2EC599D42C9B96DC001422AA /* MealItemView.swift */,
				2EB661582CAB5E6800C01D5E /* MealDetailView.swift */,
			);
			path = views;
			sourceTree = "<group>";
		};
/* End PBXGroup section */

/* Begin PBXNativeTarget section */
		2EC599BB2C9B7CB1001422AA /* TastyFood */ = {
			isa = PBXNativeTarget;
			buildConfigurationList = 2EC599CA2C9B7CB3001422AA /* Build configuration list for PBXNativeTarget "TastyFood" */;
			buildPhases = (
				2EC599B82C9B7CB1001422AA /* Sources */,
				2EC599B92C9B7CB1001422AA /* Frameworks */,
				2EC599BA2C9B7CB1001422AA /* Resources */,
			);
			buildRules = (
			);
			dependencies = (
			);
			name = TastyFood;
			packageProductDependencies = (
				2E95F8D02CA313C400828372 /* SDWebImageSwiftUI */,
			);
			productName = TastyFood;
			productReference = 2EC599BC2C9B7CB1001422AA /* TastyFood.app */;
			productType = "com.apple.product-type.application";
		};
/* End PBXNativeTarget section */

/* Begin PBXProject section */
		2EC599B42C9B7CB1001422AA /* Project object */ = {
			isa = PBXProject;
			attributes = {
				BuildIndependentTargetsInParallel = 1;
				LastSwiftUpdateCheck = 1520;
				LastUpgradeCheck = 1520;
				TargetAttributes = {
					2EC599BB2C9B7CB1001422AA = {
						CreatedOnToolsVersion = 15.2;
					};
				};
			};
			buildConfigurationList = 2EC599B72C9B7CB1001422AA /* Build configuration list for PBXProject "TastyFood" */;
			compatibilityVersion = "Xcode 14.0";
			developmentRegion = en;
			hasScannedForEncodings = 0;
			knownRegions = (
				en,
				Base,
			);
			mainGroup = 2EC599B32C9B7CB1001422AA;
			packageReferences = (
				2E95F8CF2CA313C400828372 /* XCRemoteSwiftPackageReference "SDWebImageSwiftUI" */,
			);
			productRefGroup = 2EC599BD2C9B7CB1001422AA /* Products */;
			projectDirPath = "";
			projectRoot = "";
			targets = (
				2EC599BB2C9B7CB1001422AA /* TastyFood */,
			);
		};
/* End PBXProject section */

/* Begin PBXResourcesBuildPhase section */
		2EC599BA2C9B7CB1001422AA /* Resources */ = {
			isa = PBXResourcesBuildPhase;
			buildActionMask = 2147483647;
			files = (
				2EC599C72C9B7CB3001422AA /* Preview Assets.xcassets in Resources */,
				2EC599C42C9B7CB3001422AA /* Assets.xcassets in Resources */,
			);
			runOnlyForDeploymentPostprocessing = 0;
		};
/* End PBXResourcesBuildPhase section */

/* Begin PBXSourcesBuildPhase section */
		2EC599B82C9B7CB1001422AA /* Sources */ = {
			isa = PBXSourcesBuildPhase;
			buildActionMask = 2147483647;
			files = (
				2E8E893B2CCAB82F00068191 /* MealReposirotyImpl.swift in Sources */,
				2E8E893D2CCAE19A00068191 /* CategoryRepositoryImpl.swift in Sources */,
				2E9C966A2C9E3484008CAEE6 /* NetworkManager.swift in Sources */,
				2EC599D02C9B8F8A001422AA /* Meals.swift in Sources */,
				2EC599C22C9B7CB1001422AA /* ContentView.swift in Sources */,
				2EC599D52C9B96DC001422AA /* MealItemView.swift in Sources */,
				2EB661592CAB5E6800C01D5E /* MealDetailView.swift in Sources */,
				2EBF9E512CC9E3C500FCCFB2 /* CoreDataStack.swift in Sources */,
				2E9C966C2C9E45E7008CAEE6 /* MenuVM.swift in Sources */,
				2EC599CE2C9B8C97001422AA /* Meal.swift in Sources */,
				2EBF9E4F2CC98C6100FCCFB2 /* TastyFoodDataModel.xcdatamodeld in Sources */,
				2EBF9E592CC9EB2B00FCCFB2 /* Category.swift in Sources */,
				2EBF9E572CC9EA9300FCCFB2 /* CategoryRepository.swift in Sources */,
				2EBF9E552CC9E91500FCCFB2 /* MealRepository.swift in Sources */,
				2EC599C02C9B7CB1001422AA /* TastyFoodApp.swift in Sources */,
			);
			runOnlyForDeploymentPostprocessing = 0;
		};
/* End PBXSourcesBuildPhase section */

/* Begin XCBuildConfiguration section */
		2EC599C82C9B7CB3001422AA /* Debug */ = {
			isa = XCBuildConfiguration;
			buildSettings = {
				ALWAYS_SEARCH_USER_PATHS = NO;
				ASSETCATALOG_COMPILER_GENERATE_SWIFT_ASSET_SYMBOL_EXTENSIONS = YES;
				CLANG_ANALYZER_NONNULL = YES;
				CLANG_ANALYZER_NUMBER_OBJECT_CONVERSION = YES_AGGRESSIVE;
				CLANG_CXX_LANGUAGE_STANDARD = "gnu++20";
				CLANG_ENABLE_MODULES = YES;
				CLANG_ENABLE_OBJC_ARC = YES;
				CLANG_ENABLE_OBJC_WEAK = YES;
				CLANG_WARN_BLOCK_CAPTURE_AUTORELEASING = YES;
				CLANG_WARN_BOOL_CONVERSION = YES;
				CLANG_WARN_COMMA = YES;
				CLANG_WARN_CONSTANT_CONVERSION = YES;
				CLANG_WARN_DEPRECATED_OBJC_IMPLEMENTATIONS = YES;
				CLANG_WARN_DIRECT_OBJC_ISA_USAGE = YES_ERROR;
				CLANG_WARN_DOCUMENTATION_COMMENTS = YES;
				CLANG_WARN_EMPTY_BODY = YES;
				CLANG_WARN_ENUM_CONVERSION = YES;
				CLANG_WARN_INFINITE_RECURSION = YES;
				CLANG_WARN_INT_CONVERSION = YES;
				CLANG_WARN_NON_LITERAL_NULL_CONVERSION = YES;
				CLANG_WARN_OBJC_IMPLICIT_RETAIN_SELF = YES;
				CLANG_WARN_OBJC_LITERAL_CONVERSION = YES;
				CLANG_WARN_OBJC_ROOT_CLASS = YES_ERROR;
				CLANG_WARN_QUOTED_INCLUDE_IN_FRAMEWORK_HEADER = YES;
				CLANG_WARN_RANGE_LOOP_ANALYSIS = YES;
				CLANG_WARN_STRICT_PROTOTYPES = YES;
				CLANG_WARN_SUSPICIOUS_MOVE = YES;
				CLANG_WARN_UNGUARDED_AVAILABILITY = YES_AGGRESSIVE;
				CLANG_WARN_UNREACHABLE_CODE = YES;
				CLANG_WARN__DUPLICATE_METHOD_MATCH = YES;
				COPY_PHASE_STRIP = NO;
				DEBUG_INFORMATION_FORMAT = dwarf;
				ENABLE_STRICT_OBJC_MSGSEND = YES;
				ENABLE_TESTABILITY = YES;
				ENABLE_USER_SCRIPT_SANDBOXING = YES;
				GCC_C_LANGUAGE_STANDARD = gnu17;
				GCC_DYNAMIC_NO_PIC = NO;
				GCC_NO_COMMON_BLOCKS = YES;
				GCC_OPTIMIZATION_LEVEL = 0;
				GCC_PREPROCESSOR_DEFINITIONS = (
					"DEBUG=1",
					"$(inherited)",
				);
				GCC_WARN_64_TO_32_BIT_CONVERSION = YES;
				GCC_WARN_ABOUT_RETURN_TYPE = YES_ERROR;
				GCC_WARN_UNDECLARED_SELECTOR = YES;
				GCC_WARN_UNINITIALIZED_AUTOS = YES_AGGRESSIVE;
				GCC_WARN_UNUSED_FUNCTION = YES;
				GCC_WARN_UNUSED_VARIABLE = YES;
				IPHONEOS_DEPLOYMENT_TARGET = 17.2;
				LOCALIZATION_PREFERS_STRING_CATALOGS = YES;
				MTL_ENABLE_DEBUG_INFO = INCLUDE_SOURCE;
				MTL_FAST_MATH = YES;
				ONLY_ACTIVE_ARCH = YES;
				SDKROOT = iphoneos;
				SWIFT_ACTIVE_COMPILATION_CONDITIONS = "DEBUG $(inherited)";
				SWIFT_OPTIMIZATION_LEVEL = "-Onone";
			};
			name = Debug;
		};
		2EC599C92C9B7CB3001422AA /* Release */ = {
			isa = XCBuildConfiguration;
			buildSettings = {
				ALWAYS_SEARCH_USER_PATHS = NO;
				ASSETCATALOG_COMPILER_GENERATE_SWIFT_ASSET_SYMBOL_EXTENSIONS = YES;
				CLANG_ANALYZER_NONNULL = YES;
				CLANG_ANALYZER_NUMBER_OBJECT_CONVERSION = YES_AGGRESSIVE;
				CLANG_CXX_LANGUAGE_STANDARD = "gnu++20";
				CLANG_ENABLE_MODULES = YES;
				CLANG_ENABLE_OBJC_ARC = YES;
				CLANG_ENABLE_OBJC_WEAK = YES;
				CLANG_WARN_BLOCK_CAPTURE_AUTORELEASING = YES;
				CLANG_WARN_BOOL_CONVERSION = YES;
				CLANG_WARN_COMMA = YES;
				CLANG_WARN_CONSTANT_CONVERSION = YES;
				CLANG_WARN_DEPRECATED_OBJC_IMPLEMENTATIONS = YES;
				CLANG_WARN_DIRECT_OBJC_ISA_USAGE = YES_ERROR;
				CLANG_WARN_DOCUMENTATION_COMMENTS = YES;
				CLANG_WARN_EMPTY_BODY = YES;
				CLANG_WARN_ENUM_CONVERSION = YES;
				CLANG_WARN_INFINITE_RECURSION = YES;
				CLANG_WARN_INT_CONVERSION = YES;
				CLANG_WARN_NON_LITERAL_NULL_CONVERSION = YES;
				CLANG_WARN_OBJC_IMPLICIT_RETAIN_SELF = YES;
				CLANG_WARN_OBJC_LITERAL_CONVERSION = YES;
				CLANG_WARN_OBJC_ROOT_CLASS = YES_ERROR;
				CLANG_WARN_QUOTED_INCLUDE_IN_FRAMEWORK_HEADER = YES;
				CLANG_WARN_RANGE_LOOP_ANALYSIS = YES;
				CLANG_WARN_STRICT_PROTOTYPES = YES;
				CLANG_WARN_SUSPICIOUS_MOVE = YES;
				CLANG_WARN_UNGUARDED_AVAILABILITY = YES_AGGRESSIVE;
				CLANG_WARN_UNREACHABLE_CODE = YES;
				CLANG_WARN__DUPLICATE_METHOD_MATCH = YES;
				COPY_PHASE_STRIP = NO;
				DEBUG_INFORMATION_FORMAT = "dwarf-with-dsym";
				ENABLE_NS_ASSERTIONS = NO;
				ENABLE_STRICT_OBJC_MSGSEND = YES;
				ENABLE_USER_SCRIPT_SANDBOXING = YES;
				GCC_C_LANGUAGE_STANDARD = gnu17;
				GCC_NO_COMMON_BLOCKS = YES;
				GCC_WARN_64_TO_32_BIT_CONVERSION = YES;
				GCC_WARN_ABOUT_RETURN_TYPE = YES_ERROR;
				GCC_WARN_UNDECLARED_SELECTOR = YES;
				GCC_WARN_UNINITIALIZED_AUTOS = YES_AGGRESSIVE;
				GCC_WARN_UNUSED_FUNCTION = YES;
				GCC_WARN_UNUSED_VARIABLE = YES;
				IPHONEOS_DEPLOYMENT_TARGET = 17.2;
				LOCALIZATION_PREFERS_STRING_CATALOGS = YES;
				MTL_ENABLE_DEBUG_INFO = NO;
				MTL_FAST_MATH = YES;
				SDKROOT = iphoneos;
				SWIFT_COMPILATION_MODE = wholemodule;
				VALIDATE_PRODUCT = YES;
			};
			name = Release;
		};
		2EC599CB2C9B7CB3001422AA /* Debug */ = {
			isa = XCBuildConfiguration;
			buildSettings = {
				ASSETCATALOG_COMPILER_APPICON_NAME = AppIcon;
				ASSETCATALOG_COMPILER_GLOBAL_ACCENT_COLOR_NAME = AccentColor;
				CODE_SIGN_STYLE = Automatic;
				CURRENT_PROJECT_VERSION = 1;
				DEVELOPMENT_ASSET_PATHS = "\"TastyFood/Preview Content\"";
				ENABLE_PREVIEWS = YES;
				GENERATE_INFOPLIST_FILE = YES;
				INFOPLIST_KEY_UIApplicationSceneManifest_Generation = YES;
				INFOPLIST_KEY_UIApplicationSupportsIndirectInputEvents = YES;
				INFOPLIST_KEY_UILaunchScreen_Generation = YES;
				INFOPLIST_KEY_UISupportedInterfaceOrientations_iPad = "UIInterfaceOrientationPortrait UIInterfaceOrientationPortraitUpsideDown UIInterfaceOrientationLandscapeLeft UIInterfaceOrientationLandscapeRight";
				INFOPLIST_KEY_UISupportedInterfaceOrientations_iPhone = "UIInterfaceOrientationPortrait UIInterfaceOrientationLandscapeLeft UIInterfaceOrientationLandscapeRight";
				LD_RUNPATH_SEARCH_PATHS = (
					"$(inherited)",
					"@executable_path/Frameworks",
				);
				MARKETING_VERSION = 1.0;
				PRODUCT_BUNDLE_IDENTIFIER = com.harnunez.TastyFood;
				PRODUCT_NAME = "$(TARGET_NAME)";
				SWIFT_EMIT_LOC_STRINGS = YES;
				SWIFT_VERSION = 5.0;
				TARGETED_DEVICE_FAMILY = "1,2";
			};
			name = Debug;
		};
		2EC599CC2C9B7CB3001422AA /* Release */ = {
			isa = XCBuildConfiguration;
			buildSettings = {
				ASSETCATALOG_COMPILER_APPICON_NAME = AppIcon;
				ASSETCATALOG_COMPILER_GLOBAL_ACCENT_COLOR_NAME = AccentColor;
				CODE_SIGN_STYLE = Automatic;
				CURRENT_PROJECT_VERSION = 1;
				DEVELOPMENT_ASSET_PATHS = "\"TastyFood/Preview Content\"";
				ENABLE_PREVIEWS = YES;
				GENERATE_INFOPLIST_FILE = YES;
				INFOPLIST_KEY_UIApplicationSceneManifest_Generation = YES;
				INFOPLIST_KEY_UIApplicationSupportsIndirectInputEvents = YES;
				INFOPLIST_KEY_UILaunchScreen_Generation = YES;
				INFOPLIST_KEY_UISupportedInterfaceOrientations_iPad = "UIInterfaceOrientationPortrait UIInterfaceOrientationPortraitUpsideDown UIInterfaceOrientationLandscapeLeft UIInterfaceOrientationLandscapeRight";
				INFOPLIST_KEY_UISupportedInterfaceOrientations_iPhone = "UIInterfaceOrientationPortrait UIInterfaceOrientationLandscapeLeft UIInterfaceOrientationLandscapeRight";
				LD_RUNPATH_SEARCH_PATHS = (
					"$(inherited)",
					"@executable_path/Frameworks",
				);
				MARKETING_VERSION = 1.0;
				PRODUCT_BUNDLE_IDENTIFIER = com.harnunez.TastyFood;
				PRODUCT_NAME = "$(TARGET_NAME)";
				SWIFT_EMIT_LOC_STRINGS = YES;
				SWIFT_VERSION = 5.0;
				TARGETED_DEVICE_FAMILY = "1,2";
			};
			name = Release;
		};
/* End XCBuildConfiguration section */

/* Begin XCConfigurationList section */
		2EC599B72C9B7CB1001422AA /* Build configuration list for PBXProject "TastyFood" */ = {
			isa = XCConfigurationList;
			buildConfigurations = (
				2EC599C82C9B7CB3001422AA /* Debug */,
				2EC599C92C9B7CB3001422AA /* Release */,
			);
			defaultConfigurationIsVisible = 0;
			defaultConfigurationName = Release;
		};
		2EC599CA2C9B7CB3001422AA /* Build configuration list for PBXNativeTarget "TastyFood" */ = {
			isa = XCConfigurationList;
			buildConfigurations = (
				2EC599CB2C9B7CB3001422AA /* Debug */,
				2EC599CC2C9B7CB3001422AA /* Release */,
			);
			defaultConfigurationIsVisible = 0;
			defaultConfigurationName = Release;
		};
/* End XCConfigurationList section */

/* Begin XCRemoteSwiftPackageReference section */
		2E95F8CF2CA313C400828372 /* XCRemoteSwiftPackageReference "SDWebImageSwiftUI" */ = {
			isa = XCRemoteSwiftPackageReference;
			repositoryURL = "https://github.com/SDWebImage/SDWebImageSwiftUI";
			requirement = {
				kind = upToNextMajorVersion;
				minimumVersion = 3.1.2;
			};
		};
/* End XCRemoteSwiftPackageReference section */

/* Begin XCSwiftPackageProductDependency section */
		2E95F8D02CA313C400828372 /* SDWebImageSwiftUI */ = {
			isa = XCSwiftPackageProductDependency;
			package = 2E95F8CF2CA313C400828372 /* XCRemoteSwiftPackageReference "SDWebImageSwiftUI" */;
			productName = SDWebImageSwiftUI;
		};
/* End XCSwiftPackageProductDependency section */

/* Begin XCVersionGroup section */
		2EBF9E4D2CC98C6100FCCFB2 /* TastyFoodDataModel.xcdatamodeld */ = {
			isa = XCVersionGroup;
			children = (
				2EBF9E4E2CC98C6100FCCFB2 /* TastyFoodDataModel.xcdatamodel */,
			);
			currentVersion = 2EBF9E4E2CC98C6100FCCFB2 /* TastyFoodDataModel.xcdatamodel */;
			path = TastyFoodDataModel.xcdatamodeld;
			sourceTree = "<group>";
			versionGroupType = wrapper.xcdatamodel;
		};
/* End XCVersionGroup section */
	};
	rootObject = 2EC599B42C9B7CB1001422AA /* Project object */;
}
